
Microsoft Visual Studio Solution File, Format Version 12.00
# Visual Studio 2013
VisualStudioVersion = 12.0.21005.1
MinimumVisualStudioVersion = 10.0.40219.1
Project("{FAE04EC0-301F-11D3-BF4B-00C04F79EFBC}") = "SignalRChat", "SignalRChat\SignalRChat.csproj", "{BC7CB550-43FF-4ADE-9A28-D88C5F9FB855}"
EndProject
Project("{FAE04EC0-301F-11D3-BF4B-00C04F79EFBC}") = "SignalRChatApi", "SignalRChatApi\SignalRChatApi.csproj", "{8360FE4B-A33D-4E8F-8B55-E1EA081CAEB8}"
EndProject
Project("{FAE04EC0-301F-11D3-BF4B-00C04F79EFBC}") = "SignalRChat.Dtos", "SignalRChat.Dtos\SignalRChat.Dtos.csproj", "{AFE1E75C-E803-4C44-AAB3-829E549E9447}"
EndProject
Project("{2150E333-8FDC-42A3-9474-1A3956D46DE8}") = ".nuget", ".nuget", "{D9F88E86-AABE-4448-B09F-4AAF6BB87CB7}"
	ProjectSection(SolutionItems) = preProject
		.nuget\NuGet.Config = .nuget\NuGet.Config
		.nuget\NuGet.exe = .nuget\NuGet.exe
		.nuget\NuGet.targets = .nuget\NuGet.targets
	EndProjectSection
EndProject
Global
	GlobalSection(SolutionConfigurationPlatforms) = preSolution
		Debug|Any CPU = Debug|Any CPU
		Release|Any CPU = Release|Any CPU
	EndGlobalSection
	GlobalSection(ProjectConfigurationPlatforms) = postSolution
		{BC7CB550-43FF-4ADE-9A28-D88C5F9FB855}.Debug|Any CPU.ActiveCfg = Debug|Any CPU
		{BC7CB550-43FF-4ADE-9A28-D88C5F9FB855}.Debug|Any CPU.Build.0 = Debug|Any CPU
		{BC7CB550-43FF-4ADE-9A28-D88C5F9FB855}.Release|Any CPU.ActiveCfg = Release|Any CPU
		{BC7CB550-43FF-4ADE-9A28-D88C5F9FB855}.Release|Any CPU.Build.0 = Release|Any CPU
		{8360FE4B-A33D-4E8F-8B55-E1EA081CAEB8}.Debug|Any CPU.ActiveCfg = Debug|Any CPU
		{8360FE4B-A33D-4E8F-8B55-E1EA081CAEB8}.Debug|Any CPU.Build.0 = Debug|Any CPU
		{8360FE4B-A33D-4E8F-8B55-E1EA081CAEB8}.Release|Any CPU.ActiveCfg = Release|Any CPU
		{8360FE4B-A33D-4E8F-8B55-E1EA081CAEB8}.Release|Any CPU.Build.0 = Release|Any CPU
		{AFE1E75C-E803-4C44-AAB3-829E549E9447}.Debug|Any CPU.ActiveCfg = Debug|Any CPU
		{AFE1E75C-E803-4C44-AAB3-829E549E9447}.Debug|Any CPU.Build.0 = Debug|Any CPU
		{AFE1E75C-E803-4C44-AAB3-829E549E9447}.Release|Any CPU.ActiveCfg = Release|Any CPU
		{AFE1E75C-E803-4C44-AAB3-829E549E9447}.Release|Any CPU.Build.0 = Release|Any CPU
	EndGlobalSection
	GlobalSection(SolutionProperties) = preSolution
		HideSolutionNode = FALSE
	EndGlobalSection
EndGlobal
